
Microsoft Visual Studio Solution File, Format Version 12.00
# Visual Studio 15
VisualStudioVersion = 15.0.26823.1
MinimumVisualStudioVersion = 10.0.40219.1
Project("{9A19103F-16F7-4668-BE54-9A1E7A4F7556}") = "texelfx.library", "texelfx.library\texelfx.library.csproj", "{A3464023-869B-48AE-885A-C4C78024A9D5}"
EndProject
Project("{9A19103F-16F7-4668-BE54-9A1E7A4F7556}") = "texelfx.mvc", "texelfx.mvc\texelfx.mvc.csproj", "{AA3CF545-B642-487D-8938-9C71533C022C}"
EndProject
Project("{9A19103F-16F7-4668-BE54-9A1E7A4F7556}") = "texelfx.trainer", "texelfx.trainer\texelfx.trainer.csproj", "{1ABCEBCA-ACB9-4CB3-B7B6-FB513C21AFF9}"
EndProject
Global
	GlobalSection(SolutionConfigurationPlatforms) = preSolution
		Debug|Any CPU = Debug|Any CPU
		Release|Any CPU = Release|Any CPU
	EndGlobalSection
	GlobalSection(ProjectConfigurationPlatforms) = postSolution
		{A3464023-869B-48AE-885A-C4C78024A9D5}.Debug|Any CPU.ActiveCfg = Debug|Any CPU
		{A3464023-869B-48AE-885A-C4C78024A9D5}.Debug|Any CPU.Build.0 = Debug|Any CPU
		{A3464023-869B-48AE-885A-C4C78024A9D5}.Release|Any CPU.ActiveCfg = Release|Any CPU
		{A3464023-869B-48AE-885A-C4C78024A9D5}.Release|Any CPU.Build.0 = Release|Any CPU
		{AA3CF545-B642-487D-8938-9C71533C022C}.Debug|Any CPU.ActiveCfg = Debug|Any CPU
		{AA3CF545-B642-487D-8938-9C71533C022C}.Debug|Any CPU.Build.0 = Debug|Any CPU
		{AA3CF545-B642-487D-8938-9C71533C022C}.Release|Any CPU.ActiveCfg = Release|Any CPU
		{AA3CF545-B642-487D-8938-9C71533C022C}.Release|Any CPU.Build.0 = Release|Any CPU
		{1ABCEBCA-ACB9-4CB3-B7B6-FB513C21AFF9}.Debug|Any CPU.ActiveCfg = Debug|Any CPU
		{1ABCEBCA-ACB9-4CB3-B7B6-FB513C21AFF9}.Debug|Any CPU.Build.0 = Debug|Any CPU
		{1ABCEBCA-ACB9-4CB3-B7B6-FB513C21AFF9}.Release|Any CPU.ActiveCfg = Release|Any CPU
		{1ABCEBCA-ACB9-4CB3-B7B6-FB513C21AFF9}.Release|Any CPU.Build.0 = Release|Any CPU
	EndGlobalSection
	GlobalSection(SolutionProperties) = preSolution
		HideSolutionNode = FALSE
	EndGlobalSection
	GlobalSection(ExtensibilityGlobals) = postSolution
		SolutionGuid = {C2AC8A54-BE25-43FA-B2FC-214BC52694BD}
	EndGlobalSection
EndGlobal
