
Microsoft Visual Studio Solution File, Format Version 12.00
# Visual Studio 15
VisualStudioVersion = 15.0.26823.1
MinimumVisualStudioVersion = 10.0.40219.1
Project("{FAE04EC0-301F-11D3-BF4B-00C04F79EFBC}") = "texelfx", "texelfx\texelfx.csproj", "{7A62141D-3DFA-4FD5-A857-12D9BD952977}"
EndProject
Global
	GlobalSection(SolutionConfigurationPlatforms) = preSolution
		Debug|Any CPU = Debug|Any CPU
		Release|Any CPU = Release|Any CPU
	EndGlobalSection
	GlobalSection(ProjectConfigurationPlatforms) = postSolution
		{7A62141D-3DFA-4FD5-A857-12D9BD952977}.Debug|Any CPU.ActiveCfg = Debug|Any CPU
		{7A62141D-3DFA-4FD5-A857-12D9BD952977}.Debug|Any CPU.Build.0 = Debug|Any CPU
		{7A62141D-3DFA-4FD5-A857-12D9BD952977}.Release|Any CPU.ActiveCfg = Release|Any CPU
		{7A62141D-3DFA-4FD5-A857-12D9BD952977}.Release|Any CPU.Build.0 = Release|Any CPU
	EndGlobalSection
	GlobalSection(SolutionProperties) = preSolution
		HideSolutionNode = FALSE
	EndGlobalSection
	GlobalSection(ExtensibilityGlobals) = postSolution
		SolutionGuid = {C2AC8A54-BE25-43FA-B2FC-214BC52694BD}
	EndGlobalSection
EndGlobal
